# This file is autogenerated, do not edit; changes may be undone by the next 'dep ensure'.


[[projects]]
  branch = "master"
  name = "github.com/faiface/beep"
  packages = [".","speaker","wav"]
  revision = "74e0979c9731edbc1664a939dcc94743fdde1547"

[[projects]]
  branch = "master"
  name = "github.com/gopherjs/gopherjs"
  packages = ["js"]
  revision = "444abdf920945de5d4a977b572bcc6c674d1e4eb"

[[projects]]
  branch = "master"
  name = "github.com/hajimehoshi/oto"
  packages = [".","internal/jni"]
  revision = "6f9c251e924d95c4b939907ad332166d3ec14c4e"

[[projects]]
  name = "github.com/labstack/echo"
  packages = ["."]
  revision = "b28538b2e3f5446fe6e0e47ee34cd74b662ca2ab"
  version = "3.2.4"

[[projects]]
  name = "github.com/labstack/gommon"
  packages = ["color","log"]
  revision = "57409ada9da0f2afad6664c49502f8c50fbd8476"
  version = "0.2.3"

[[projects]]
  name = "github.com/mattn/go-colorable"
  packages = ["."]
  revision = "167de6bfdfba052fa6b2d3664c8f5272e23c9072"
  version = "v0.0.9"

[[projects]]
  name = "github.com/mattn/go-isatty"
  packages = ["."]
  revision = "0360b2af4f38e8d38c7fce2a9f4e702702d73a39"
  version = "v0.0.3"

[[projects]]
  name = "github.com/pkg/errors"
  packages = ["."]
  revision = "645ef00459ed84a119197bfb8d8205042c6df63d"
  version = "v0.8.0"

[[projects]]
  branch = "master"
  name = "github.com/valyala/bytebufferpool"
  packages = ["."]
  revision = "e746df99fe4a3986f4d4f79e13c1e0117ce9c2f7"

[[projects]]
  branch = "master"
  name = "github.com/valyala/fasttemplate"
  packages = ["."]
  revision = "dcecefd839c4193db0d35b88ec65b4c12d360ab0"

[[projects]]
  branch = "master"
  name = "golang.org/x/crypto"
  packages = ["acme","acme/autocert"]
  revision = "9f005a07e0d31d45e6656d241bb5c0f2efd4bc94"

[[projects]]
  branch = "master"
  name = "golang.org/x/mobile"
  packages = ["exp/audio/al","internal/mobileinit"]
  revision = "2a5bbaa217b81928ebbba5ab97e9a4e1449b69a7"

[[projects]]
  branch = "master"
  name = "golang.org/x/sys"
  packages = ["unix"]
  revision = "bf42f188b9bc6f2cf5b8ee5a912ef1aedd0eba4c"

[solve-meta]
  analyzer-name = "dep"
  analyzer-version = 1
  inputs-digest = "8fdd94c18a5ae3c30565877d8e70f6311731fcb0c87466a706084fcd2bd1edab"
  solver-name = "gps-cdcl"
  solver-version = 1
